// !$*UTF8*$!
{
	archiveVersion = 1;
	classes = {
	};
	objectVersion = 50;
	objects = {

/* Begin PBXBuildFile section */
		927EC4F824BB6C5B0007CB60 /* CovidStatApp.swift in Sources */ = {isa = PBXBuildFile; fileRef = 927EC4F724BB6C5B0007CB60 /* CovidStatApp.swift */; };
		927EC4FA24BB6C5B0007CB60 /* ContentView.swift in Sources */ = {isa = PBXBuildFile; fileRef = 927EC4F924BB6C5B0007CB60 /* ContentView.swift */; };
		927EC4FC24BB6C5D0007CB60 /* Assets.xcassets in Resources */ = {isa = PBXBuildFile; fileRef = 927EC4FB24BB6C5D0007CB60 /* Assets.xcassets */; };
		927EC4FF24BB6C5D0007CB60 /* Preview Assets.xcassets in Resources */ = {isa = PBXBuildFile; fileRef = 927EC4FE24BB6C5D0007CB60 /* Preview Assets.xcassets */; };
/* End PBXBuildFile section */

/* Begin PBXFileReference section */
		927EC4F424BB6C5B0007CB60 /* CovidStat.app */ = {isa = PBXFileReference; explicitFileType = wrapper.application; includeInIndex = 0; path = CovidStat.app; sourceTree = BUILT_PRODUCTS_DIR; };
		927EC4F724BB6C5B0007CB60 /* CovidStatApp.swift */ = {isa = PBXFileReference; lastKnownFileType = sourcecode.swift; path = CovidStatApp.swift; sourceTree = "<group>"; };
		927EC4F924BB6C5B0007CB60 /* ContentView.swift */ = {isa = PBXFileReference; lastKnownFileType = sourcecode.swift; path = ContentView.swift; sourceTree = "<group>"; };
		927EC4FB24BB6C5D0007CB60 /* Assets.xcassets */ = {isa = PBXFileReference; lastKnownFileType = folder.assetcatalog; path = Assets.xcassets; sourceTree = "<group>"; };
		927EC4FE24BB6C5D0007CB60 /* Preview Assets.xcassets */ = {isa = PBXFileReference; lastKnownFileType = folder.assetcatalog; path = "Preview Assets.xcassets"; sourceTree = "<group>"; };
		927EC50024BB6C5D0007CB60 /* Info.plist */ = {isa = PBXFileReference; lastKnownFileType = text.plist.xml; path = Info.plist; sourceTree = "<group>"; };
/* End PBXFileReference section */

/* Begin PBXFrameworksBuildPhase section */
		927EC4F124BB6C5B0007CB60 /* Frameworks */ = {
			isa = PBXFrameworksBuildPhase;
			buildActionMask = 2147483647;
			files = (
			);
			runOnlyForDeploymentPostprocessing = 0;
		};
/* End PBXFrameworksBuildPhase section */

/* Begin PBXGroup section */
		927EC4EB24BB6C5B0007CB60 = {
			isa = PBXGroup;
			children = (
				927EC4F624BB6C5B0007CB60 /* CovidStat */,
				927EC4F524BB6C5B0007CB60 /* Products */,
			);
			sourceTree = "<group>";
		};
		927EC4F524BB6C5B0007CB60 /* Products */ = {
			isa = PBXGroup;
			children = (
				927EC4F424BB6C5B0007CB60 /* CovidStat.app */,
			);
			name = Products;
			sourceTree = "<group>";
		};
		927EC4F624BB6C5B0007CB60 /* CovidStat */ = {
			isa = PBXGroup;
			children = (
				927EC4F724BB6C5B0007CB60 /* CovidStatApp.swift */,
				927EC4F924BB6C5B0007CB60 /* ContentView.swift */,
				927EC4FB24BB6C5D0007CB60 /* Assets.xcassets */,
				927EC50024BB6C5D0007CB60 /* Info.plist */,
				927EC4FD24BB6C5D0007CB60 /* Preview Content */,
			);
			path = CovidStat;
			sourceTree = "<group>";
		};
		927EC4FD24BB6C5D0007CB60 /* Preview Content */ = {
			isa = PBXGroup;
			children = (
				927EC4FE24BB6C5D0007CB60 /* Preview Assets.xcassets */,
			);
			path = "Preview Content";
			sourceTree = "<group>";
		};
/* End PBXGroup section */

/* Begin PBXNativeTarget section */
		927EC4F324BB6C5B0007CB60 /* CovidStat */ = {
			isa = PBXNativeTarget;
			buildConfigurationList = 927EC50324BB6C5D0007CB60 /* Build configuration list for PBXNativeTarget "CovidStat" */;
			buildPhases = (
				927EC4F024BB6C5B0007CB60 /* Sources */,
				927EC4F124BB6C5B0007CB60 /* Frameworks */,
				927EC4F224BB6C5B0007CB60 /* Resources */,
			);
			buildRules = (
			);
			dependencies = (
			);
			name = CovidStat;
			productName = CovidStat;
			productReference = 927EC4F424BB6C5B0007CB60 /* CovidStat.app */;
			productType = "com.apple.product-type.application";
		};
/* End PBXNativeTarget section */

/* Begin PBXProject section */
		927EC4EC24BB6C5B0007CB60 /* Project object */ = {
			isa = PBXProject;
			attributes = {
				LastSwiftUpdateCheck = 1200;
				LastUpgradeCheck = 1200;
				TargetAttributes = {
					927EC4F324BB6C5B0007CB60 = {
						CreatedOnToolsVersion = 12.0;
					};
				};
			};
			buildConfigurationList = 927EC4EF24BB6C5B0007CB60 /* Build configuration list for PBXProject "CovidStat" */;
			compatibilityVersion = "Xcode 9.3";
			developmentRegion = en;
			hasScannedForEncodings = 0;
			knownRegions = (
				en,
				Base,
			);
			mainGroup = 927EC4EB24BB6C5B0007CB60;
			productRefGroup = 927EC4F524BB6C5B0007CB60 /* Products */;
			projectDirPath = "";
			projectRoot = "";
			targets = (
				927EC4F324BB6C5B0007CB60 /* CovidStat */,
			);
		};
/* End PBXProject section */

/* Begin PBXResourcesBuildPhase section */
		927EC4F224BB6C5B0007CB60 /* Resources */ = {
			isa = PBXResourcesBuildPhase;
			buildActionMask = 2147483647;
			files = (
				927EC4FF24BB6C5D0007CB60 /* Preview Assets.xcassets in Resources */,
				927EC4FC24BB6C5D0007CB60 /* Assets.xcassets in Resources */,
			);
			runOnlyForDeploymentPostprocessing = 0;
		};
/* End PBXResourcesBuildPhase section */

/* Begin PBXSourcesBuildPhase section */
		927EC4F024BB6C5B0007CB60 /* Sources */ = {
			isa = PBXSourcesBuildPhase;
			buildActionMask = 2147483647;
			files = (
				927EC4FA24BB6C5B0007CB60 /* ContentView.swift in Sources */,
				927EC4F824BB6C5B0007CB60 /* CovidStatApp.swift in Sources */,
			);
			runOnlyForDeploymentPostprocessing = 0;
		};
/* End PBXSourcesBuildPhase section */

/* Begin XCBuildConfiguration section */
		927EC50124BB6C5D0007CB60 /* Debug */ = {
			isa = XCBuildConfiguration;
			buildSettings = {
				ALWAYS_SEARCH_USER_PATHS = NO;
				CLANG_ANALYZER_NONNULL = YES;
				CLANG_ANALYZER_NUMBER_OBJECT_CONVERSION = YES_AGGRESSIVE;
				CLANG_CXX_LANGUAGE_STANDARD = "gnu++14";
				CLANG_CXX_LIBRARY = "libc++";
				CLANG_ENABLE_MODULES = YES;
				CLANG_ENABLE_OBJC_ARC = YES;
				CLANG_ENABLE_OBJC_WEAK = YES;
				CLANG_WARN_BLOCK_CAPTURE_AUTORELEASING = YES;
				CLANG_WARN_BOOL_CONVERSION = YES;
				CLANG_WARN_COMMA = YES;
				CLANG_WARN_CONSTANT_CONVERSION = YES;
				CLANG_WARN_DEPRECATED_OBJC_IMPLEMENTATIONS = YES;
				CLANG_WARN_DIRECT_OBJC_ISA_USAGE = YES_ERROR;
				CLANG_WARN_DOCUMENTATION_COMMENTS = YES;
				CLANG_WARN_EMPTY_BODY = YES;
				CLANG_WARN_ENUM_CONVERSION = YES;
				CLANG_WARN_INFINITE_RECURSION = YES;
				CLANG_WARN_INT_CONVERSION = YES;
				CLANG_WARN_NON_LITERAL_NULL_CONVERSION = YES;
				CLANG_WARN_OBJC_IMPLICIT_RETAIN_SELF = YES;
				CLANG_WARN_OBJC_LITERAL_CONVERSION = YES;
				CLANG_WARN_OBJC_ROOT_CLASS = YES_ERROR;
				CLANG_WARN_QUOTED_INCLUDE_IN_FRAMEWORK_HEADER = YES;
				CLANG_WARN_RANGE_LOOP_ANALYSIS = YES;
				CLANG_WARN_STRICT_PROTOTYPES = YES;
				CLANG_WARN_SUSPICIOUS_MOVE = YES;
				CLANG_WARN_UNGUARDED_AVAILABILITY = YES_AGGRESSIVE;
				CLANG_WARN_UNREACHABLE_CODE = YES;
				CLANG_WARN__DUPLICATE_METHOD_MATCH = YES;
				COPY_PHASE_STRIP = NO;
				DEBUG_INFORMATION_FORMAT = dwarf;
				ENABLE_STRICT_OBJC_MSGSEND = YES;
				ENABLE_TESTABILITY = YES;
				GCC_C_LANGUAGE_STANDARD = gnu11;
				GCC_DYNAMIC_NO_PIC = NO;
				GCC_NO_COMMON_BLOCKS = YES;
				GCC_OPTIMIZATION_LEVEL = 0;
				GCC_PREPROCESSOR_DEFINITIONS = (
					"DEBUG=1",
					"$(inherited)",
				);
				GCC_WARN_64_TO_32_BIT_CONVERSION = YES;
				GCC_WARN_ABOUT_RETURN_TYPE = YES_ERROR;
				GCC_WARN_UNDECLARED_SELECTOR = YES;
				GCC_WARN_UNINITIALIZED_AUTOS = YES_AGGRESSIVE;
				GCC_WARN_UNUSED_FUNCTION = YES;
				GCC_WARN_UNUSED_VARIABLE = YES;
				IPHONEOS_DEPLOYMENT_TARGET = 14.0;
				MTL_ENABLE_DEBUG_INFO = INCLUDE_SOURCE;
				MTL_FAST_MATH = YES;
				ONLY_ACTIVE_ARCH = YES;
				SDKROOT = iphoneos;
				SWIFT_ACTIVE_COMPILATION_CONDITIONS = DEBUG;
				SWIFT_OPTIMIZATION_LEVEL = "-Onone";
			};
			name = Debug;
		};
		927EC50224BB6C5D0007CB60 /* Release */ = {
			isa = XCBuildConfiguration;
			buildSettings = {
				ALWAYS_SEARCH_USER_PATHS = NO;
				CLANG_ANALYZER_NONNULL = YES;
				CLANG_ANALYZER_NUMBER_OBJECT_CONVERSION = YES_AGGRESSIVE;
				CLANG_CXX_LANGUAGE_STANDARD = "gnu++14";
				CLANG_CXX_LIBRARY = "libc++";
				CLANG_ENABLE_MODULES = YES;
				CLANG_ENABLE_OBJC_ARC = YES;
				CLANG_ENABLE_OBJC_WEAK = YES;
				CLANG_WARN_BLOCK_CAPTURE_AUTORELEASING = YES;
				CLANG_WARN_BOOL_CONVERSION = YES;
				CLANG_WARN_COMMA = YES;
				CLANG_WARN_CONSTANT_CONVERSION = YES;
				CLANG_WARN_DEPRECATED_OBJC_IMPLEMENTATIONS = YES;
				CLANG_WARN_DIRECT_OBJC_ISA_USAGE = YES_ERROR;
				CLANG_WARN_DOCUMENTATION_COMMENTS = YES;
				CLANG_WARN_EMPTY_BODY = YES;
				CLANG_WARN_ENUM_CONVERSION = YES;
				CLANG_WARN_INFINITE_RECURSION = YES;
				CLANG_WARN_INT_CONVERSION = YES;
				CLANG_WARN_NON_LITERAL_NULL_CONVERSION = YES;
				CLANG_WARN_OBJC_IMPLICIT_RETAIN_SELF = YES;
				CLANG_WARN_OBJC_LITERAL_CONVERSION = YES;
				CLANG_WARN_OBJC_ROOT_CLASS = YES_ERROR;
				CLANG_WARN_QUOTED_INCLUDE_IN_FRAMEWORK_HEADER = YES;
				CLANG_WARN_RANGE_LOOP_ANALYSIS = YES;
				CLANG_WARN_STRICT_PROTOTYPES = YES;
				CLANG_WARN_SUSPICIOUS_MOVE = YES;
				CLANG_WARN_UNGUARDED_AVAILABILITY = YES_AGGRESSIVE;
				CLANG_WARN_UNREACHABLE_CODE = YES;
				CLANG_WARN__DUPLICATE_METHOD_MATCH = YES;
				COPY_PHASE_STRIP = NO;
				DEBUG_INFORMATION_FORMAT = "dwarf-with-dsym";
				ENABLE_NS_ASSERTIONS = NO;
				ENABLE_STRICT_OBJC_MSGSEND = YES;
				GCC_C_LANGUAGE_STANDARD = gnu11;
				GCC_NO_COMMON_BLOCKS = YES;
				GCC_WARN_64_TO_32_BIT_CONVERSION = YES;
				GCC_WARN_ABOUT_RETURN_TYPE = YES_ERROR;
				GCC_WARN_UNDECLARED_SELECTOR = YES;
				GCC_WARN_UNINITIALIZED_AUTOS = YES_AGGRESSIVE;
				GCC_WARN_UNUSED_FUNCTION = YES;
				GCC_WARN_UNUSED_VARIABLE = YES;
				IPHONEOS_DEPLOYMENT_TARGET = 14.0;
				MTL_ENABLE_DEBUG_INFO = NO;
				MTL_FAST_MATH = YES;
				SDKROOT = iphoneos;
				SWIFT_COMPILATION_MODE = wholemodule;
				SWIFT_OPTIMIZATION_LEVEL = "-O";
				VALIDATE_PRODUCT = YES;
			};
			name = Release;
		};
		927EC50424BB6C5D0007CB60 /* Debug */ = {
			isa = XCBuildConfiguration;
			buildSettings = {
				ASSETCATALOG_COMPILER_APPICON_NAME = AppIcon;
				ASSETCATALOG_COMPILER_GLOBAL_ACCENT_COLOR_NAME = AccentColor;
				CODE_SIGN_STYLE = Automatic;
				DEVELOPMENT_ASSET_PATHS = "\"CovidStat/Preview Content\"";
				DEVELOPMENT_TEAM = 2KSK6YV8G7;
				ENABLE_PREVIEWS = YES;
				INFOPLIST_FILE = CovidStat/Info.plist;
				IPHONEOS_DEPLOYMENT_TARGET = 14.0;
				LD_RUNPATH_SEARCH_PATHS = (
					"$(inherited)",
					"@executable_path/Frameworks",
				);
				PRODUCT_BUNDLE_IDENTIFIER = com.pickle.CovidStat;
				PRODUCT_NAME = "$(TARGET_NAME)";
				SWIFT_VERSION = 5.0;
				TARGETED_DEVICE_FAMILY = "1,2";
			};
			name = Debug;
		};
		927EC50524BB6C5D0007CB60 /* Release */ = {
			isa = XCBuildConfiguration;
			buildSettings = {
				ASSETCATALOG_COMPILER_APPICON_NAME = AppIcon;
				ASSETCATALOG_COMPILER_GLOBAL_ACCENT_COLOR_NAME = AccentColor;
				CODE_SIGN_STYLE = Automatic;
				DEVELOPMENT_ASSET_PATHS = "\"CovidStat/Preview Content\"";
				DEVELOPMENT_TEAM = 2KSK6YV8G7;
				ENABLE_PREVIEWS = YES;
				INFOPLIST_FILE = CovidStat/Info.plist;
				IPHONEOS_DEPLOYMENT_TARGET = 14.0;
				LD_RUNPATH_SEARCH_PATHS = (
					"$(inherited)",
					"@executable_path/Frameworks",
				);
				PRODUCT_BUNDLE_IDENTIFIER = com.pickle.CovidStat;
				PRODUCT_NAME = "$(TARGET_NAME)";
				SWIFT_VERSION = 5.0;
				TARGETED_DEVICE_FAMILY = "1,2";
			};
			name = Release;
		};
/* End XCBuildConfiguration section */

/* Begin XCConfigurationList section */
		927EC4EF24BB6C5B0007CB60 /* Build configuration list for PBXProject "CovidStat" */ = {
			isa = XCConfigurationList;
			buildConfigurations = (
				927EC50124BB6C5D0007CB60 /* Debug */,
				927EC50224BB6C5D0007CB60 /* Release */,
			);
			defaultConfigurationIsVisible = 0;
			defaultConfigurationName = Release;
		};
		927EC50324BB6C5D0007CB60 /* Build configuration list for PBXNativeTarget "CovidStat" */ = {
			isa = XCConfigurationList;
			buildConfigurations = (
				927EC50424BB6C5D0007CB60 /* Debug */,
				927EC50524BB6C5D0007CB60 /* Release */,
			);
			defaultConfigurationIsVisible = 0;
			defaultConfigurationName = Release;
		};
/* End XCConfigurationList section */
	};
	rootObject = 927EC4EC24BB6C5B0007CB60 /* Project object */;
}
